
Microsoft Visual Studio Solution File, Format Version 12.00
# Visual Studio Version 17
VisualStudioVersion = 17.13.35931.197 d17.13
MinimumVisualStudioVersion = 10.0.40219.1
Project("{FAE04EC0-301F-11D3-BF4B-00C04F79EFBC}") = "BeanSceneApp", "BeanSceneApp\BeanSceneApp.csproj", "{5A95DE4C-C9B3-45D3-ABDA-33B1FAC9B369}"
EndProject
Global
	GlobalSection(SolutionConfigurationPlatforms) = preSolution
		Debug|Any CPU = Debug|Any CPU
		Release|Any CPU = Release|Any CPU
	EndGlobalSection
	GlobalSection(ProjectConfigurationPlatforms) = postSolution
		{5A95DE4C-C9B3-45D3-ABDA-33B1FAC9B369}.Debug|Any CPU.ActiveCfg = Debug|Any CPU
		{5A95DE4C-C9B3-45D3-ABDA-33B1FAC9B369}.Debug|Any CPU.Build.0 = Debug|Any CPU
		{5A95DE4C-C9B3-45D3-ABDA-33B1FAC9B369}.Release|Any CPU.ActiveCfg = Release|Any CPU
		{5A95DE4C-C9B3-45D3-ABDA-33B1FAC9B369}.Release|Any CPU.Build.0 = Release|Any CPU
	EndGlobalSection
	GlobalSection(SolutionProperties) = preSolution
		HideSolutionNode = FALSE
	EndGlobalSection
	GlobalSection(ExtensibilityGlobals) = postSolution
		SolutionGuid = {517C5E06-77D2-4DD1-83F6-4B7500544116}
	EndGlobalSection
EndGlobal
